
Microsoft Visual Studio Solution File, Format Version 12.00
# Visual Studio Version 17
VisualStudioVersion = 17.1.31911.260
MinimumVisualStudioVersion = 10.0.40219.1
Project("{9A19103F-16F7-4668-BE54-9A1E7A4F7556}") = "Graphir.API", "Graphir.API\Graphir.API.csproj", "{AAC260AF-FD9B-4E01-B04F-E58AEEB67003}"
EndProject
Project("{2150E333-8FDC-42A3-9474-1A3956D46DE8}") = "Solution Items", "Solution Items", "{1A451E6A-FB2C-460D-A22B-CA2DFE7B5746}"
	ProjectSection(SolutionItems) = preProject
		README.md = README.md
	EndProjectSection
EndProject
Project("{2150E333-8FDC-42A3-9474-1A3956D46DE8}") = "SchemaRefs", "SchemaRefs", "{0FEF84A8-4DA1-4D03-A2CD-C6C16E3610BB}"
	ProjectSection(SolutionItems) = preProject
		docs\fhir.schema.graphql\account.graphql = docs\fhir.schema.graphql\account.graphql
		docs\fhir.schema.graphql\activitydefinition.graphql = docs\fhir.schema.graphql\activitydefinition.graphql
		docs\fhir.schema.graphql\administrableproductdefinition.graphql = docs\fhir.schema.graphql\administrableproductdefinition.graphql
		docs\fhir.schema.graphql\adverseevent.graphql = docs\fhir.schema.graphql\adverseevent.graphql
		docs\fhir.schema.graphql\allergyintolerance.graphql = docs\fhir.schema.graphql\allergyintolerance.graphql
		docs\fhir.schema.graphql\appointment.graphql = docs\fhir.schema.graphql\appointment.graphql
		docs\fhir.schema.graphql\appointmentresponse.graphql = docs\fhir.schema.graphql\appointmentresponse.graphql
		docs\fhir.schema.graphql\artifactassessment.graphql = docs\fhir.schema.graphql\artifactassessment.graphql
		docs\fhir.schema.graphql\auditevent.graphql = docs\fhir.schema.graphql\auditevent.graphql
		docs\fhir.schema.graphql\basic.graphql = docs\fhir.schema.graphql\basic.graphql
		docs\fhir.schema.graphql\binary.graphql = docs\fhir.schema.graphql\binary.graphql
		docs\fhir.schema.graphql\biologicallyderivedproduct.graphql = docs\fhir.schema.graphql\biologicallyderivedproduct.graphql
		docs\fhir.schema.graphql\bodystructure.graphql = docs\fhir.schema.graphql\bodystructure.graphql
		docs\fhir.schema.graphql\bundle.graphql = docs\fhir.schema.graphql\bundle.graphql
		docs\fhir.schema.graphql\capabilitystatement.graphql = docs\fhir.schema.graphql\capabilitystatement.graphql
		docs\fhir.schema.graphql\capabilitystatement2.graphql = docs\fhir.schema.graphql\capabilitystatement2.graphql
		docs\fhir.schema.graphql\careplan.graphql = docs\fhir.schema.graphql\careplan.graphql
		docs\fhir.schema.graphql\careteam.graphql = docs\fhir.schema.graphql\careteam.graphql
		docs\fhir.schema.graphql\chargeitem.graphql = docs\fhir.schema.graphql\chargeitem.graphql
		docs\fhir.schema.graphql\chargeitemdefinition.graphql = docs\fhir.schema.graphql\chargeitemdefinition.graphql
		docs\fhir.schema.graphql\citation.graphql = docs\fhir.schema.graphql\citation.graphql
		docs\fhir.schema.graphql\claim.graphql = docs\fhir.schema.graphql\claim.graphql
		docs\fhir.schema.graphql\claimresponse.graphql = docs\fhir.schema.graphql\claimresponse.graphql
		docs\fhir.schema.graphql\clinicalimpression.graphql = docs\fhir.schema.graphql\clinicalimpression.graphql
		docs\fhir.schema.graphql\clinicalusedefinition.graphql = docs\fhir.schema.graphql\clinicalusedefinition.graphql
		docs\fhir.schema.graphql\clinicaluseissue.graphql = docs\fhir.schema.graphql\clinicaluseissue.graphql
		docs\fhir.schema.graphql\codesystem.graphql = docs\fhir.schema.graphql\codesystem.graphql
		docs\fhir.schema.graphql\communication.graphql = docs\fhir.schema.graphql\communication.graphql
		docs\fhir.schema.graphql\communicationrequest.graphql = docs\fhir.schema.graphql\communicationrequest.graphql
		docs\fhir.schema.graphql\compartmentdefinition.graphql = docs\fhir.schema.graphql\compartmentdefinition.graphql
		docs\fhir.schema.graphql\composition.graphql = docs\fhir.schema.graphql\composition.graphql
		docs\fhir.schema.graphql\conceptmap.graphql = docs\fhir.schema.graphql\conceptmap.graphql
		docs\fhir.schema.graphql\conceptmap2.graphql = docs\fhir.schema.graphql\conceptmap2.graphql
		docs\fhir.schema.graphql\condition.graphql = docs\fhir.schema.graphql\condition.graphql
		docs\fhir.schema.graphql\conditiondefinition.graphql = docs\fhir.schema.graphql\conditiondefinition.graphql
		docs\fhir.schema.graphql\consent.graphql = docs\fhir.schema.graphql\consent.graphql
		docs\fhir.schema.graphql\contract.graphql = docs\fhir.schema.graphql\contract.graphql
		docs\fhir.schema.graphql\coverage.graphql = docs\fhir.schema.graphql\coverage.graphql
		docs\fhir.schema.graphql\coverageeligibilityrequest.graphql = docs\fhir.schema.graphql\coverageeligibilityrequest.graphql
		docs\fhir.schema.graphql\coverageeligibilityresponse.graphql = docs\fhir.schema.graphql\coverageeligibilityresponse.graphql
		docs\fhir.schema.graphql\detectedissue.graphql = docs\fhir.schema.graphql\detectedissue.graphql
		docs\fhir.schema.graphql\device.graphql = docs\fhir.schema.graphql\device.graphql
		docs\fhir.schema.graphql\devicedefinition.graphql = docs\fhir.schema.graphql\devicedefinition.graphql
		docs\fhir.schema.graphql\devicedispense.graphql = docs\fhir.schema.graphql\devicedispense.graphql
		docs\fhir.schema.graphql\devicemetric.graphql = docs\fhir.schema.graphql\devicemetric.graphql
		docs\fhir.schema.graphql\devicerequest.graphql = docs\fhir.schema.graphql\devicerequest.graphql
		docs\fhir.schema.graphql\deviceusage.graphql = docs\fhir.schema.graphql\deviceusage.graphql
		docs\fhir.schema.graphql\diagnosticreport.graphql = docs\fhir.schema.graphql\diagnosticreport.graphql
		docs\fhir.schema.graphql\documentmanifest.graphql = docs\fhir.schema.graphql\documentmanifest.graphql
		docs\fhir.schema.graphql\documentreference.graphql = docs\fhir.schema.graphql\documentreference.graphql
		docs\fhir.schema.graphql\encounter.graphql = docs\fhir.schema.graphql\encounter.graphql
		docs\fhir.schema.graphql\endpoint.graphql = docs\fhir.schema.graphql\endpoint.graphql
		docs\fhir.schema.graphql\enrollmentrequest.graphql = docs\fhir.schema.graphql\enrollmentrequest.graphql
		docs\fhir.schema.graphql\enrollmentresponse.graphql = docs\fhir.schema.graphql\enrollmentresponse.graphql
		docs\fhir.schema.graphql\episodeofcare.graphql = docs\fhir.schema.graphql\episodeofcare.graphql
		docs\fhir.schema.graphql\eventdefinition.graphql = docs\fhir.schema.graphql\eventdefinition.graphql
		docs\fhir.schema.graphql\evidence.graphql = docs\fhir.schema.graphql\evidence.graphql
		docs\fhir.schema.graphql\evidencereport.graphql = docs\fhir.schema.graphql\evidencereport.graphql
		docs\fhir.schema.graphql\evidencevariable.graphql = docs\fhir.schema.graphql\evidencevariable.graphql
		docs\fhir.schema.graphql\examplescenario.graphql = docs\fhir.schema.graphql\examplescenario.graphql
		docs\fhir.schema.graphql\explanationofbenefit.graphql = docs\fhir.schema.graphql\explanationofbenefit.graphql
		docs\fhir.schema.graphql\familymemberhistory.graphql = docs\fhir.schema.graphql\familymemberhistory.graphql
		docs\fhir.schema.graphql\flag.graphql = docs\fhir.schema.graphql\flag.graphql
		docs\fhir.schema.graphql\goal.graphql = docs\fhir.schema.graphql\goal.graphql
		docs\fhir.schema.graphql\graphdefinition.graphql = docs\fhir.schema.graphql\graphdefinition.graphql
		docs\fhir.schema.graphql\group.graphql = docs\fhir.schema.graphql\group.graphql
		docs\fhir.schema.graphql\guidanceresponse.graphql = docs\fhir.schema.graphql\guidanceresponse.graphql
		docs\fhir.schema.graphql\healthcareservice.graphql = docs\fhir.schema.graphql\healthcareservice.graphql
		docs\fhir.schema.graphql\imagingselection.graphql = docs\fhir.schema.graphql\imagingselection.graphql
		docs\fhir.schema.graphql\imagingstudy.graphql = docs\fhir.schema.graphql\imagingstudy.graphql
		docs\fhir.schema.graphql\immunization.graphql = docs\fhir.schema.graphql\immunization.graphql
		docs\fhir.schema.graphql\immunizationevaluation.graphql = docs\fhir.schema.graphql\immunizationevaluation.graphql
		docs\fhir.schema.graphql\immunizationrecommendation.graphql = docs\fhir.schema.graphql\immunizationrecommendation.graphql
		docs\fhir.schema.graphql\implementationguide.graphql = docs\fhir.schema.graphql\implementationguide.graphql
		docs\fhir.schema.graphql\ingredient.graphql = docs\fhir.schema.graphql\ingredient.graphql
		docs\fhir.schema.graphql\insuranceplan.graphql = docs\fhir.schema.graphql\insuranceplan.graphql
		docs\fhir.schema.graphql\inventoryreport.graphql = docs\fhir.schema.graphql\inventoryreport.graphql
		docs\fhir.schema.graphql\invoice.graphql = docs\fhir.schema.graphql\invoice.graphql
		docs\fhir.schema.graphql\library.graphql = docs\fhir.schema.graphql\library.graphql
		docs\fhir.schema.graphql\linkage.graphql = docs\fhir.schema.graphql\linkage.graphql
		docs\fhir.schema.graphql\list.graphql = docs\fhir.schema.graphql\list.graphql
		docs\fhir.schema.graphql\location.graphql = docs\fhir.schema.graphql\location.graphql
		docs\fhir.schema.graphql\manufactureditemdefinition.graphql = docs\fhir.schema.graphql\manufactureditemdefinition.graphql
		docs\fhir.schema.graphql\measure.graphql = docs\fhir.schema.graphql\measure.graphql
		docs\fhir.schema.graphql\measurereport.graphql = docs\fhir.schema.graphql\measurereport.graphql
		docs\fhir.schema.graphql\medication.graphql = docs\fhir.schema.graphql\medication.graphql
		docs\fhir.schema.graphql\medicationadministration.graphql = docs\fhir.schema.graphql\medicationadministration.graphql
		docs\fhir.schema.graphql\medicationdispense.graphql = docs\fhir.schema.graphql\medicationdispense.graphql
		docs\fhir.schema.graphql\medicationknowledge.graphql = docs\fhir.schema.graphql\medicationknowledge.graphql
		docs\fhir.schema.graphql\medicationrequest.graphql = docs\fhir.schema.graphql\medicationrequest.graphql
		docs\fhir.schema.graphql\medicationusage.graphql = docs\fhir.schema.graphql\medicationusage.graphql
		docs\fhir.schema.graphql\medicinalproductdefinition.graphql = docs\fhir.schema.graphql\medicinalproductdefinition.graphql
		docs\fhir.schema.graphql\messagedefinition.graphql = docs\fhir.schema.graphql\messagedefinition.graphql
		docs\fhir.schema.graphql\messageheader.graphql = docs\fhir.schema.graphql\messageheader.graphql
		docs\fhir.schema.graphql\molecularsequence.graphql = docs\fhir.schema.graphql\molecularsequence.graphql
		docs\fhir.schema.graphql\namingsystem.graphql = docs\fhir.schema.graphql\namingsystem.graphql
		docs\fhir.schema.graphql\nutritionintake.graphql = docs\fhir.schema.graphql\nutritionintake.graphql
		docs\fhir.schema.graphql\nutritionorder.graphql = docs\fhir.schema.graphql\nutritionorder.graphql
		docs\fhir.schema.graphql\nutritionproduct.graphql = docs\fhir.schema.graphql\nutritionproduct.graphql
		docs\fhir.schema.graphql\observation.graphql = docs\fhir.schema.graphql\observation.graphql
		docs\fhir.schema.graphql\observationdefinition.graphql = docs\fhir.schema.graphql\observationdefinition.graphql
		docs\fhir.schema.graphql\operationdefinition.graphql = docs\fhir.schema.graphql\operationdefinition.graphql
		docs\fhir.schema.graphql\operationoutcome.graphql = docs\fhir.schema.graphql\operationoutcome.graphql
		docs\fhir.schema.graphql\organization.graphql = docs\fhir.schema.graphql\organization.graphql
		docs\fhir.schema.graphql\organizationaffiliation.graphql = docs\fhir.schema.graphql\organizationaffiliation.graphql
		docs\fhir.schema.graphql\packagedproductdefinition.graphql = docs\fhir.schema.graphql\packagedproductdefinition.graphql
		docs\fhir.schema.graphql\parameters.graphql = docs\fhir.schema.graphql\parameters.graphql
		docs\fhir.schema.graphql\patient.graphql = docs\fhir.schema.graphql\patient.graphql
		docs\fhir.schema.graphql\paymentnotice.graphql = docs\fhir.schema.graphql\paymentnotice.graphql
		docs\fhir.schema.graphql\paymentreconciliation.graphql = docs\fhir.schema.graphql\paymentreconciliation.graphql
		docs\fhir.schema.graphql\permission.graphql = docs\fhir.schema.graphql\permission.graphql
		docs\fhir.schema.graphql\person.graphql = docs\fhir.schema.graphql\person.graphql
		docs\fhir.schema.graphql\plandefinition.graphql = docs\fhir.schema.graphql\plandefinition.graphql
		docs\fhir.schema.graphql\practitioner.graphql = docs\fhir.schema.graphql\practitioner.graphql
		docs\fhir.schema.graphql\practitionerrole.graphql = docs\fhir.schema.graphql\practitionerrole.graphql
		docs\fhir.schema.graphql\procedure.graphql = docs\fhir.schema.graphql\procedure.graphql
		docs\fhir.schema.graphql\provenance.graphql = docs\fhir.schema.graphql\provenance.graphql
		docs\fhir.schema.graphql\questionnaire.graphql = docs\fhir.schema.graphql\questionnaire.graphql
		docs\fhir.schema.graphql\questionnaireresponse.graphql = docs\fhir.schema.graphql\questionnaireresponse.graphql
		docs\fhir.schema.graphql\regulatedauthorization.graphql = docs\fhir.schema.graphql\regulatedauthorization.graphql
		docs\fhir.schema.graphql\relatedperson.graphql = docs\fhir.schema.graphql\relatedperson.graphql
		docs\fhir.schema.graphql\requestgroup.graphql = docs\fhir.schema.graphql\requestgroup.graphql
		docs\fhir.schema.graphql\researchstudy.graphql = docs\fhir.schema.graphql\researchstudy.graphql
		docs\fhir.schema.graphql\researchsubject.graphql = docs\fhir.schema.graphql\researchsubject.graphql
		docs\fhir.schema.graphql\riskassessment.graphql = docs\fhir.schema.graphql\riskassessment.graphql
		docs\fhir.schema.graphql\schedule.graphql = docs\fhir.schema.graphql\schedule.graphql
		docs\fhir.schema.graphql\searchparameter.graphql = docs\fhir.schema.graphql\searchparameter.graphql
		docs\fhir.schema.graphql\servicerequest.graphql = docs\fhir.schema.graphql\servicerequest.graphql
		docs\fhir.schema.graphql\slot.graphql = docs\fhir.schema.graphql\slot.graphql
		docs\fhir.schema.graphql\specimen.graphql = docs\fhir.schema.graphql\specimen.graphql
		docs\fhir.schema.graphql\specimendefinition.graphql = docs\fhir.schema.graphql\specimendefinition.graphql
		docs\fhir.schema.graphql\structuredefinition.graphql = docs\fhir.schema.graphql\structuredefinition.graphql
		docs\fhir.schema.graphql\structuremap.graphql = docs\fhir.schema.graphql\structuremap.graphql
		docs\fhir.schema.graphql\subscription.graphql = docs\fhir.schema.graphql\subscription.graphql
		docs\fhir.schema.graphql\subscriptionstatus.graphql = docs\fhir.schema.graphql\subscriptionstatus.graphql
		docs\fhir.schema.graphql\subscriptiontopic.graphql = docs\fhir.schema.graphql\subscriptiontopic.graphql
		docs\fhir.schema.graphql\substance.graphql = docs\fhir.schema.graphql\substance.graphql
		docs\fhir.schema.graphql\substancedefinition.graphql = docs\fhir.schema.graphql\substancedefinition.graphql
		docs\fhir.schema.graphql\substancenucleicacid.graphql = docs\fhir.schema.graphql\substancenucleicacid.graphql
		docs\fhir.schema.graphql\substancepolymer.graphql = docs\fhir.schema.graphql\substancepolymer.graphql
		docs\fhir.schema.graphql\substanceprotein.graphql = docs\fhir.schema.graphql\substanceprotein.graphql
		docs\fhir.schema.graphql\substancereferenceinformation.graphql = docs\fhir.schema.graphql\substancereferenceinformation.graphql
		docs\fhir.schema.graphql\substancesourcematerial.graphql = docs\fhir.schema.graphql\substancesourcematerial.graphql
		docs\fhir.schema.graphql\supplydelivery.graphql = docs\fhir.schema.graphql\supplydelivery.graphql
		docs\fhir.schema.graphql\supplyrequest.graphql = docs\fhir.schema.graphql\supplyrequest.graphql
		docs\fhir.schema.graphql\task.graphql = docs\fhir.schema.graphql\task.graphql
		docs\fhir.schema.graphql\terminologycapabilities.graphql = docs\fhir.schema.graphql\terminologycapabilities.graphql
		docs\fhir.schema.graphql\testreport.graphql = docs\fhir.schema.graphql\testreport.graphql
		docs\fhir.schema.graphql\testscript.graphql = docs\fhir.schema.graphql\testscript.graphql
		docs\fhir.schema.graphql\types.graphql = docs\fhir.schema.graphql\types.graphql
		docs\fhir.schema.graphql\valueset.graphql = docs\fhir.schema.graphql\valueset.graphql
		docs\fhir.schema.graphql\verificationresult.graphql = docs\fhir.schema.graphql\verificationresult.graphql
		docs\fhir.schema.graphql\visionprescription.graphql = docs\fhir.schema.graphql\visionprescription.graphql
	EndProjectSection
EndProject
Global
	GlobalSection(SolutionConfigurationPlatforms) = preSolution
		Debug|Any CPU = Debug|Any CPU
		Release|Any CPU = Release|Any CPU
	EndGlobalSection
	GlobalSection(ProjectConfigurationPlatforms) = postSolution
		{AAC260AF-FD9B-4E01-B04F-E58AEEB67003}.Debug|Any CPU.ActiveCfg = Debug|Any CPU
		{AAC260AF-FD9B-4E01-B04F-E58AEEB67003}.Debug|Any CPU.Build.0 = Debug|Any CPU
		{AAC260AF-FD9B-4E01-B04F-E58AEEB67003}.Release|Any CPU.ActiveCfg = Release|Any CPU
		{AAC260AF-FD9B-4E01-B04F-E58AEEB67003}.Release|Any CPU.Build.0 = Release|Any CPU
	EndGlobalSection
	GlobalSection(SolutionProperties) = preSolution
		HideSolutionNode = FALSE
	EndGlobalSection
	GlobalSection(ExtensibilityGlobals) = postSolution
		SolutionGuid = {44841330-F300-43D3-9827-0F96399C98F1}
	EndGlobalSection
EndGlobal
