
Microsoft Visual Studio Solution File, Format Version 12.00
# Visual Studio Version 16
VisualStudioVersion = 16.0.30114.105
MinimumVisualStudioVersion = 10.0.40219.1
Project("{FAE04EC0-301F-11D3-BF4B-00C04F79EFBC}") = "Graphir.API", "Graphir.API\Graphir.API.csproj", "{AAC260AF-FD9B-4E01-B04F-E58AEEB67003}"
EndProject
Global
	GlobalSection(SolutionConfigurationPlatforms) = preSolution
		Debug|Any CPU = Debug|Any CPU
		Release|Any CPU = Release|Any CPU
	EndGlobalSection
	GlobalSection(SolutionProperties) = preSolution
		HideSolutionNode = FALSE
	EndGlobalSection
	GlobalSection(ProjectConfigurationPlatforms) = postSolution
		{AAC260AF-FD9B-4E01-B04F-E58AEEB67003}.Debug|Any CPU.ActiveCfg = Debug|Any CPU
		{AAC260AF-FD9B-4E01-B04F-E58AEEB67003}.Debug|Any CPU.Build.0 = Debug|Any CPU
		{AAC260AF-FD9B-4E01-B04F-E58AEEB67003}.Release|Any CPU.ActiveCfg = Release|Any CPU
		{AAC260AF-FD9B-4E01-B04F-E58AEEB67003}.Release|Any CPU.Build.0 = Release|Any CPU
	EndGlobalSection
EndGlobal
